# This file was autogenerated by uv via the following command:
#    uv export --package vatove-worker --no-dev --no-emit-project --no-hashes --locked --output-file services\worker\requirements.lock
alembic==1.18.5
    # via vatove-worker
annotated-types==0.7.0
    # via pydantic
anyio==4.14.2
    # via httpx
certifi==2026.6.17
    # via
    #   httpcore
    #   httpx
confluent-kafka==2.15.0
    # via vatove-worker
geoalchemy2==0.20.0
    # via vatove-worker
greenlet==3.5.3 ; platform_machine == 'AMD64' or platform_machine == 'WIN32' or platform_machine == 'aarch64' or platform_machine == 'amd64' or platform_machine == 'ppc64le' or platform_machine == 'win32' or platform_machine == 'x86_64'
    # via sqlalchemy
h11==0.16.0
    # via httpcore
httpcore==1.0.9
    # via httpx
httpx==0.28.1
    # via vatove-worker
idna==3.18
    # via
    #   anyio
    #   httpx
mako==1.3.12
    # via alembic
markupsafe==3.0.3
    # via mako
packaging==26.2
    # via geoalchemy2
psycopg==3.3.4
    # via vatove-worker
psycopg-binary==3.3.4 ; implementation_name != 'pypy'
    # via psycopg
pydantic==2.13.4
    # via
    #   pydantic-settings
    #   vatove-worker
pydantic-core==2.46.4
    # via pydantic
pydantic-settings==2.14.2
    # via vatove-worker
python-dotenv==1.2.2
    # via pydantic-settings
sqlalchemy==2.0.51
    # via
    #   alembic
    #   geoalchemy2
    #   vatove-worker
typing-extensions==4.16.0
    # via
    #   alembic
    #   anyio
    #   psycopg
    #   pydantic
    #   pydantic-core
    #   sqlalchemy
    #   typing-inspection
typing-inspection==0.4.2
    # via
    #   pydantic
    #   pydantic-settings
tzdata==2026.3 ; sys_platform == 'win32'
    # via psycopg
